// !$*UTF8*$!
{
	archiveVersion = 1;
	classes = {
	};
	objectVersion = 46;
	objects = {

/* Begin PBXBuildFile section */
		A140157D1F557D8C00FCB8C4 /* MainTabBarController.m in Sources */ = {isa = PBXBuildFile; fileRef = A140157C1F557D8C00FCB8C4 /* MainTabBarController.m */; };
		A14015801F557E5800FCB8C4 /* DownloadViewController.m in Sources */ = {isa = PBXBuildFile; fileRef = A140157F1F557E5800FCB8C4 /* DownloadViewController.m */; };
		A14015831F557F3600FCB8C4 /* HistoryViewController.m in Sources */ = {isa = PBXBuildFile; fileRef = A14015821F557F3600FCB8C4 /* HistoryViewController.m */; };
		A140159D1F55CC5900FCB8C4 /* Billabong.ttf in Resources */ = {isa = PBXBuildFile; fileRef = A140159A1F55C62E00FCB8C4 /* Billabong.ttf */; };
		A14015A01F56745400FCB8C4 /* OpenInInstagramTool.m in Sources */ = {isa = PBXBuildFile; fileRef = A140159F1F56745400FCB8C4 /* OpenInInstagramTool.m */; };
		A14015A31F56AE8300FCB8C4 /* LKATextField.m in Sources */ = {isa = PBXBuildFile; fileRef = A14015A21F56AE8300FCB8C4 /* LKATextField.m */; };
		A14015A61F56BD1100FCB8C4 /* ExtractView.m in Sources */ = {isa = PBXBuildFile; fileRef = A14015A51F56BD1100FCB8C4 /* ExtractView.m */; };
		A14015A91F56EAD100FCB8C4 /* LKAYoutubeLikeLoadingIndicatorView.m in Sources */ = {isa = PBXBuildFile; fileRef = A14015A81F56EAD100FCB8C4 /* LKAYoutubeLikeLoadingIndicatorView.m */; };
		A14015AC1F598D8E00FCB8C4 /* PostView.m in Sources */ = {isa = PBXBuildFile; fileRef = A14015AB1F598D8D00FCB8C4 /* PostView.m */; };
		A14015AE1F598E9200FCB8C4 /* PostView.xib in Resources */ = {isa = PBXBuildFile; fileRef = A14015AD1F598E9200FCB8C4 /* PostView.xib */; };
		A14015D41F5AAC9D00FCB8C4 /* IGUser.m in Sources */ = {isa = PBXBuildFile; fileRef = A14015D31F5AAC9D00FCB8C4 /* IGUser.m */; };
		A14015D71F5AB86800FCB8C4 /* IGPost.m in Sources */ = {isa = PBXBuildFile; fileRef = A14015D61F5AB86800FCB8C4 /* IGPost.m */; };
		A14015DA1F5AB87500FCB8C4 /* IGMedia.m in Sources */ = {isa = PBXBuildFile; fileRef = A14015D91F5AB87500FCB8C4 /* IGMedia.m */; };
		A14015DD1F5B1CB000FCB8C4 /* NSArray+FormateDescription.m in Sources */ = {isa = PBXBuildFile; fileRef = A14015DC1F5B1CB000FCB8C4 /* NSArray+FormateDescription.m */; };
		A14015E01F5D5C8500FCB8C4 /* CheckURLTool.m in Sources */ = {isa = PBXBuildFile; fileRef = A14015DF1F5D5C8400FCB8C4 /* CheckURLTool.m */; };
		A14015E31F5E789700FCB8C4 /* MediaShowView.m in Sources */ = {isa = PBXBuildFile; fileRef = A14015E21F5E789700FCB8C4 /* MediaShowView.m */; };
		A14015E91F5EA5EE00FCB8C4 /* SDImageCache+GetCacheImagePath.m in Sources */ = {isa = PBXBuildFile; fileRef = A14015E81F5EA5EE00FCB8C4 /* SDImageCache+GetCacheImagePath.m */; };
		A1C4A4301F5091D6006A15D4 /* main.m in Sources */ = {isa = PBXBuildFile; fileRef = A1C4A42F1F5091D6006A15D4 /* main.m */; };
		A1C4A4331F5091D6006A15D4 /* AppDelegate.m in Sources */ = {isa = PBXBuildFile; fileRef = A1C4A4321F5091D6006A15D4 /* AppDelegate.m */; };
		A1C4A4361F5091D6006A15D4 /* ViewController.m in Sources */ = {isa = PBXBuildFile; fileRef = A1C4A4351F5091D6006A15D4 /* ViewController.m */; };
		A1C4A4391F5091D6006A15D4 /* Main.storyboard in Resources */ = {isa = PBXBuildFile; fileRef = A1C4A4371F5091D6006A15D4 /* Main.storyboard */; };
		A1C4A43B1F5091D6006A15D4 /* Assets.xcassets in Resources */ = {isa = PBXBuildFile; fileRef = A1C4A43A1F5091D6006A15D4 /* Assets.xcassets */; };
		A1C4A43E1F5091D6006A15D4 /* LaunchScreen.storyboard in Resources */ = {isa = PBXBuildFile; fileRef = A1C4A43C1F5091D6006A15D4 /* LaunchScreen.storyboard */; };
		DAEECED37CA0EC56E14F2FAB /* libPods-InstagDown.a in Frameworks */ = {isa = PBXBuildFile; fileRef = 1F346EF106788AA2E6222DB2 /* libPods-InstagDown.a */; };
/* End PBXBuildFile section */

/* Begin PBXFileReference section */
		1F346EF106788AA2E6222DB2 /* libPods-InstagDown.a */ = {isa = PBXFileReference; explicitFileType = archive.ar; includeInIndex = 0; path = "libPods-InstagDown.a"; sourceTree = BUILT_PRODUCTS_DIR; };
		791B1139BC7158B020087084 /* Pods-InstagDown.debug.xcconfig */ = {isa = PBXFileReference; includeInIndex = 1; lastKnownFileType = text.xcconfig; name = "Pods-InstagDown.debug.xcconfig"; path = "Pods/Target Support Files/Pods-InstagDown/Pods-InstagDown.debug.xcconfig"; sourceTree = "<group>"; };
		A140157B1F557D8C00FCB8C4 /* MainTabBarController.h */ = {isa = PBXFileReference; fileEncoding = 4; lastKnownFileType = sourcecode.c.h; path = MainTabBarController.h; sourceTree = "<group>"; };
		A140157C1F557D8C00FCB8C4 /* MainTabBarController.m */ = {isa = PBXFileReference; fileEncoding = 4; lastKnownFileType = sourcecode.c.objc; path = MainTabBarController.m; sourceTree = "<group>"; };
		A140157E1F557E5800FCB8C4 /* DownloadViewController.h */ = {isa = PBXFileReference; fileEncoding = 4; lastKnownFileType = sourcecode.c.h; path = DownloadViewController.h; sourceTree = "<group>"; };
		A140157F1F557E5800FCB8C4 /* DownloadViewController.m */ = {isa = PBXFileReference; fileEncoding = 4; lastKnownFileType = sourcecode.c.objc; path = DownloadViewController.m; sourceTree = "<group>"; };
		A14015811F557F3600FCB8C4 /* HistoryViewController.h */ = {isa = PBXFileReference; fileEncoding = 4; lastKnownFileType = sourcecode.c.h; path = HistoryViewController.h; sourceTree = "<group>"; };
		A14015821F557F3600FCB8C4 /* HistoryViewController.m */ = {isa = PBXFileReference; fileEncoding = 4; lastKnownFileType = sourcecode.c.objc; path = HistoryViewController.m; sourceTree = "<group>"; };
		A14015991F55C0DB00FCB8C4 /* MACRO.h */ = {isa = PBXFileReference; lastKnownFileType = sourcecode.c.h; path = MACRO.h; sourceTree = "<group>"; };
		A140159A1F55C62E00FCB8C4 /* Billabong.ttf */ = {isa = PBXFileReference; lastKnownFileType = file; path = Billabong.ttf; sourceTree = "<group>"; };
		A140159E1F56745400FCB8C4 /* OpenInInstagramTool.h */ = {isa = PBXFileReference; fileEncoding = 4; lastKnownFileType = sourcecode.c.h; path = OpenInInstagramTool.h; sourceTree = "<group>"; };
		A140159F1F56745400FCB8C4 /* OpenInInstagramTool.m */ = {isa = PBXFileReference; fileEncoding = 4; lastKnownFileType = sourcecode.c.objc; path = OpenInInstagramTool.m; sourceTree = "<group>"; };
		A14015A11F56AE8300FCB8C4 /* LKATextField.h */ = {isa = PBXFileReference; fileEncoding = 4; lastKnownFileType = sourcecode.c.h; path = LKATextField.h; sourceTree = "<group>"; };
		A14015A21F56AE8300FCB8C4 /* LKATextField.m */ = {isa = PBXFileReference; fileEncoding = 4; lastKnownFileType = sourcecode.c.objc; path = LKATextField.m; sourceTree = "<group>"; };
		A14015A41F56BD1100FCB8C4 /* ExtractView.h */ = {isa = PBXFileReference; fileEncoding = 4; lastKnownFileType = sourcecode.c.h; path = ExtractView.h; sourceTree = "<group>"; };
		A14015A51F56BD1100FCB8C4 /* ExtractView.m */ = {isa = PBXFileReference; fileEncoding = 4; lastKnownFileType = sourcecode.c.objc; path = ExtractView.m; sourceTree = "<group>"; };
		A14015A71F56EAD100FCB8C4 /* LKAYoutubeLikeLoadingIndicatorView.h */ = {isa = PBXFileReference; fileEncoding = 4; lastKnownFileType = sourcecode.c.h; path = LKAYoutubeLikeLoadingIndicatorView.h; sourceTree = "<group>"; };
		A14015A81F56EAD100FCB8C4 /* LKAYoutubeLikeLoadingIndicatorView.m */ = {isa = PBXFileReference; fileEncoding = 4; lastKnownFileType = sourcecode.c.objc; path = LKAYoutubeLikeLoadingIndicatorView.m; sourceTree = "<group>"; };
		A14015AA1F598D8D00FCB8C4 /* PostView.h */ = {isa = PBXFileReference; fileEncoding = 4; lastKnownFileType = sourcecode.c.h; path = PostView.h; sourceTree = "<group>"; };
		A14015AB1F598D8D00FCB8C4 /* PostView.m */ = {isa = PBXFileReference; fileEncoding = 4; lastKnownFileType = sourcecode.c.objc; path = PostView.m; sourceTree = "<group>"; };
		A14015AD1F598E9200FCB8C4 /* PostView.xib */ = {isa = PBXFileReference; fileEncoding = 4; lastKnownFileType = file.xib; path = PostView.xib; sourceTree = "<group>"; };
		A14015D21F5AAC9D00FCB8C4 /* IGUser.h */ = {isa = PBXFileReference; fileEncoding = 4; lastKnownFileType = sourcecode.c.h; path = IGUser.h; sourceTree = "<group>"; };
		A14015D31F5AAC9D00FCB8C4 /* IGUser.m */ = {isa = PBXFileReference; fileEncoding = 4; lastKnownFileType = sourcecode.c.objc; path = IGUser.m; sourceTree = "<group>"; };
		A14015D51F5AB86800FCB8C4 /* IGPost.h */ = {isa = PBXFileReference; fileEncoding = 4; lastKnownFileType = sourcecode.c.h; path = IGPost.h; sourceTree = "<group>"; };
		A14015D61F5AB86800FCB8C4 /* IGPost.m */ = {isa = PBXFileReference; fileEncoding = 4; lastKnownFileType = sourcecode.c.objc; path = IGPost.m; sourceTree = "<group>"; };
		A14015D81F5AB87500FCB8C4 /* IGMedia.h */ = {isa = PBXFileReference; fileEncoding = 4; lastKnownFileType = sourcecode.c.h; path = IGMedia.h; sourceTree = "<group>"; };
		A14015D91F5AB87500FCB8C4 /* IGMedia.m */ = {isa = PBXFileReference; fileEncoding = 4; lastKnownFileType = sourcecode.c.objc; path = IGMedia.m; sourceTree = "<group>"; };
		A14015DB1F5B1CB000FCB8C4 /* NSArray+FormateDescription.h */ = {isa = PBXFileReference; fileEncoding = 4; lastKnownFileType = sourcecode.c.h; path = "NSArray+FormateDescription.h"; sourceTree = "<group>"; };
		A14015DC1F5B1CB000FCB8C4 /* NSArray+FormateDescription.m */ = {isa = PBXFileReference; fileEncoding = 4; lastKnownFileType = sourcecode.c.objc; path = "NSArray+FormateDescription.m"; sourceTree = "<group>"; };
		A14015DE1F5D5C8400FCB8C4 /* CheckURLTool.h */ = {isa = PBXFileReference; fileEncoding = 4; lastKnownFileType = sourcecode.c.h; path = CheckURLTool.h; sourceTree = "<group>"; };
		A14015DF1F5D5C8400FCB8C4 /* CheckURLTool.m */ = {isa = PBXFileReference; fileEncoding = 4; lastKnownFileType = sourcecode.c.objc; path = CheckURLTool.m; sourceTree = "<group>"; };
		A14015E11F5E789700FCB8C4 /* MediaShowView.h */ = {isa = PBXFileReference; fileEncoding = 4; lastKnownFileType = sourcecode.c.h; path = MediaShowView.h; sourceTree = "<group>"; };
		A14015E21F5E789700FCB8C4 /* MediaShowView.m */ = {isa = PBXFileReference; fileEncoding = 4; lastKnownFileType = sourcecode.c.objc; path = MediaShowView.m; sourceTree = "<group>"; };
		A14015E71F5EA5EE00FCB8C4 /* SDImageCache+GetCacheImagePath.h */ = {isa = PBXFileReference; fileEncoding = 4; lastKnownFileType = sourcecode.c.h; path = "SDImageCache+GetCacheImagePath.h"; sourceTree = "<group>"; };
		A14015E81F5EA5EE00FCB8C4 /* SDImageCache+GetCacheImagePath.m */ = {isa = PBXFileReference; fileEncoding = 4; lastKnownFileType = sourcecode.c.objc; path = "SDImageCache+GetCacheImagePath.m"; sourceTree = "<group>"; };
		A1C4A42B1F5091D6006A15D4 /* InstagDown.app */ = {isa = PBXFileReference; explicitFileType = wrapper.application; includeInIndex = 0; path = InstagDown.app; sourceTree = BUILT_PRODUCTS_DIR; };
		A1C4A42F1F5091D6006A15D4 /* main.m */ = {isa = PBXFileReference; lastKnownFileType = sourcecode.c.objc; path = main.m; sourceTree = "<group>"; };
		A1C4A4311F5091D6006A15D4 /* AppDelegate.h */ = {isa = PBXFileReference; lastKnownFileType = sourcecode.c.h; path = AppDelegate.h; sourceTree = "<group>"; };
		A1C4A4321F5091D6006A15D4 /* AppDelegate.m */ = {isa = PBXFileReference; lastKnownFileType = sourcecode.c.objc; path = AppDelegate.m; sourceTree = "<group>"; };
		A1C4A4341F5091D6006A15D4 /* ViewController.h */ = {isa = PBXFileReference; lastKnownFileType = sourcecode.c.h; path = ViewController.h; sourceTree = "<group>"; };
		A1C4A4351F5091D6006A15D4 /* ViewController.m */ = {isa = PBXFileReference; lastKnownFileType = sourcecode.c.objc; path = ViewController.m; sourceTree = "<group>"; };
		A1C4A4381F5091D6006A15D4 /* Base */ = {isa = PBXFileReference; lastKnownFileType = file.storyboard; name = Base; path = Base.lproj/Main.storyboard; sourceTree = "<group>"; };
		A1C4A43A1F5091D6006A15D4 /* Assets.xcassets */ = {isa = PBXFileReference; lastKnownFileType = folder.assetcatalog; path = Assets.xcassets; sourceTree = "<group>"; };
		A1C4A43D1F5091D6006A15D4 /* Base */ = {isa = PBXFileReference; lastKnownFileType = file.storyboard; name = Base; path = Base.lproj/LaunchScreen.storyboard; sourceTree = "<group>"; };
		A1C4A43F1F5091D6006A15D4 /* Info.plist */ = {isa = PBXFileReference; lastKnownFileType = text.plist.xml; path = Info.plist; sourceTree = "<group>"; };
		A5E46032DC58F8F9A8A06A95 /* Pods-InstagDown.release.xcconfig */ = {isa = PBXFileReference; includeInIndex = 1; lastKnownFileType = text.xcconfig; name = "Pods-InstagDown.release.xcconfig"; path = "Pods/Target Support Files/Pods-InstagDown/Pods-InstagDown.release.xcconfig"; sourceTree = "<group>"; };
/* End PBXFileReference section */

/* Begin PBXFrameworksBuildPhase section */
		A1C4A4281F5091D6006A15D4 /* Frameworks */ = {
			isa = PBXFrameworksBuildPhase;
			buildActionMask = 2147483647;
			files = (
				DAEECED37CA0EC56E14F2FAB /* libPods-InstagDown.a in Frameworks */,
			);
			runOnlyForDeploymentPostprocessing = 0;
		};
/* End PBXFrameworksBuildPhase section */

/* Begin PBXGroup section */
		6F5489136D8580200E96E005 /* Pods */ = {
			isa = PBXGroup;
			children = (
				791B1139BC7158B020087084 /* Pods-InstagDown.debug.xcconfig */,
				A5E46032DC58F8F9A8A06A95 /* Pods-InstagDown.release.xcconfig */,
			);
			name = Pods;
			sourceTree = "<group>";
		};
		A14015761F557A9500FCB8C4 /* Controller */ = {
			isa = PBXGroup;
			children = (
				A1C4A4351F5091D6006A15D4 /* ViewController.m */,
				A1C4A4341F5091D6006A15D4 /* ViewController.h */,
				A140157B1F557D8C00FCB8C4 /* MainTabBarController.h */,
				A140157C1F557D8C00FCB8C4 /* MainTabBarController.m */,
				A140157E1F557E5800FCB8C4 /* DownloadViewController.h */,
				A140157F1F557E5800FCB8C4 /* DownloadViewController.m */,
				A14015811F557F3600FCB8C4 /* HistoryViewController.h */,
				A14015821F557F3600FCB8C4 /* HistoryViewController.m */,
			);
			name = Controller;
			sourceTree = "<group>";
		};
		A14015771F557AA700FCB8C4 /* Model */ = {
			isa = PBXGroup;
			children = (
				A14015D21F5AAC9D00FCB8C4 /* IGUser.h */,
				A14015D31F5AAC9D00FCB8C4 /* IGUser.m */,
				A14015D51F5AB86800FCB8C4 /* IGPost.h */,
				A14015D61F5AB86800FCB8C4 /* IGPost.m */,
				A14015D81F5AB87500FCB8C4 /* IGMedia.h */,
				A14015D91F5AB87500FCB8C4 /* IGMedia.m */,
			);
			name = Model;
			sourceTree = "<group>";
		};
		A14015781F557AB300FCB8C4 /* View */ = {
			isa = PBXGroup;
			children = (
				A1C4A43C1F5091D6006A15D4 /* LaunchScreen.storyboard */,
				A1C4A4371F5091D6006A15D4 /* Main.storyboard */,
				A14015A71F56EAD100FCB8C4 /* LKAYoutubeLikeLoadingIndicatorView.h */,
				A14015A81F56EAD100FCB8C4 /* LKAYoutubeLikeLoadingIndicatorView.m */,
				A14015A11F56AE8300FCB8C4 /* LKATextField.h */,
				A14015A21F56AE8300FCB8C4 /* LKATextField.m */,
				A14015A41F56BD1100FCB8C4 /* ExtractView.h */,
				A14015A51F56BD1100FCB8C4 /* ExtractView.m */,
				A14015AA1F598D8D00FCB8C4 /* PostView.h */,
				A14015AB1F598D8D00FCB8C4 /* PostView.m */,
				A14015AD1F598E9200FCB8C4 /* PostView.xib */,
				A14015E11F5E789700FCB8C4 /* MediaShowView.h */,
				A14015E21F5E789700FCB8C4 /* MediaShowView.m */,
			);
			name = View;
			sourceTree = "<group>";
		};
		A14015791F557AC000FCB8C4 /* Other */ = {
			isa = PBXGroup;
			children = (
				A1C4A4311F5091D6006A15D4 /* AppDelegate.h */,
				A1C4A4321F5091D6006A15D4 /* AppDelegate.m */,
				A14015991F55C0DB00FCB8C4 /* MACRO.h */,
				A140159E1F56745400FCB8C4 /* OpenInInstagramTool.h */,
				A140159F1F56745400FCB8C4 /* OpenInInstagramTool.m */,
				A14015DB1F5B1CB000FCB8C4 /* NSArray+FormateDescription.h */,
				A14015DC1F5B1CB000FCB8C4 /* NSArray+FormateDescription.m */,
				A14015DE1F5D5C8400FCB8C4 /* CheckURLTool.h */,
				A14015DF1F5D5C8400FCB8C4 /* CheckURLTool.m */,
				A14015E71F5EA5EE00FCB8C4 /* SDImageCache+GetCacheImagePath.h */,
				A14015E81F5EA5EE00FCB8C4 /* SDImageCache+GetCacheImagePath.m */,
			);
			name = Other;
			sourceTree = "<group>";
		};
		A140157A1F557ADC00FCB8C4 /* Resource */ = {
			isa = PBXGroup;
			children = (
				A1C4A43F1F5091D6006A15D4 /* Info.plist */,
				A140159A1F55C62E00FCB8C4 /* Billabong.ttf */,
				A1C4A43A1F5091D6006A15D4 /* Assets.xcassets */,
			);
			name = Resource;
			sourceTree = "<group>";
		};
		A1C4A4221F5091D6006A15D4 = {
			isa = PBXGroup;
			children = (
				A1C4A42D1F5091D6006A15D4 /* InstagDown */,
				A1C4A42C1F5091D6006A15D4 /* Products */,
				6F5489136D8580200E96E005 /* Pods */,
				E5C51E59B15BDF93E4F1CFC1 /* Frameworks */,
			);
			sourceTree = "<group>";
		};
		A1C4A42C1F5091D6006A15D4 /* Products */ = {
			isa = PBXGroup;
			children = (
				A1C4A42B1F5091D6006A15D4 /* InstagDown.app */,
			);
			name = Products;
			sourceTree = "<group>";
		};
		A1C4A42D1F5091D6006A15D4 /* InstagDown */ = {
			isa = PBXGroup;
			children = (
				A140157A1F557ADC00FCB8C4 /* Resource */,
				A14015791F557AC000FCB8C4 /* Other */,
				A14015781F557AB300FCB8C4 /* View */,
				A14015771F557AA700FCB8C4 /* Model */,
				A14015761F557A9500FCB8C4 /* Controller */,
				A1C4A42E1F5091D6006A15D4 /* Supporting Files */,
			);
			path = InstagDown;
			sourceTree = "<group>";
		};
		A1C4A42E1F5091D6006A15D4 /* Supporting Files */ = {
			isa = PBXGroup;
			children = (
				A1C4A42F1F5091D6006A15D4 /* main.m */,
			);
			name = "Supporting Files";
			sourceTree = "<group>";
		};
		E5C51E59B15BDF93E4F1CFC1 /* Frameworks */ = {
			isa = PBXGroup;
			children = (
				1F346EF106788AA2E6222DB2 /* libPods-InstagDown.a */,
			);
			name = Frameworks;
			sourceTree = "<group>";
		};
/* End PBXGroup section */

/* Begin PBXNativeTarget section */
		A1C4A42A1F5091D6006A15D4 /* InstagDown */ = {
			isa = PBXNativeTarget;
			buildConfigurationList = A1C4A4421F5091D6006A15D4 /* Build configuration list for PBXNativeTarget "InstagDown" */;
			buildPhases = (
				5771AB431A082BFD85607CDE /* [CP] Check Pods Manifest.lock */,
				A1C4A4271F5091D6006A15D4 /* Sources */,
				A1C4A4281F5091D6006A15D4 /* Frameworks */,
				A1C4A4291F5091D6006A15D4 /* Resources */,
				662D988724C6FB2E0D462012 /* [CP] Embed Pods Frameworks */,
				F6ECA48C52280E487BD42BE5 /* [CP] Copy Pods Resources */,
			);
			buildRules = (
			);
			dependencies = (
			);
			name = InstagDown;
			productName = InstagDown;
			productReference = A1C4A42B1F5091D6006A15D4 /* InstagDown.app */;
			productType = "com.apple.product-type.application";
		};
/* End PBXNativeTarget section */

/* Begin PBXProject section */
		A1C4A4231F5091D6006A15D4 /* Project object */ = {
			isa = PBXProject;
			attributes = {
				LastUpgradeCheck = 0830;
				ORGANIZATIONNAME = Luka;
				TargetAttributes = {
					A1C4A42A1F5091D6006A15D4 = {
						CreatedOnToolsVersion = 8.3;
						DevelopmentTeam = F9QPXX27PM;
						ProvisioningStyle = Automatic;
					};
				};
			};
			buildConfigurationList = A1C4A4261F5091D6006A15D4 /* Build configuration list for PBXProject "InstagDown" */;
			compatibilityVersion = "Xcode 3.2";
			developmentRegion = English;
			hasScannedForEncodings = 0;
			knownRegions = (
				en,
				Base,
			);
			mainGroup = A1C4A4221F5091D6006A15D4;
			productRefGroup = A1C4A42C1F5091D6006A15D4 /* Products */;
			projectDirPath = "";
			projectRoot = "";
			targets = (
				A1C4A42A1F5091D6006A15D4 /* InstagDown */,
			);
		};
/* End PBXProject section */

/* Begin PBXResourcesBuildPhase section */
		A1C4A4291F5091D6006A15D4 /* Resources */ = {
			isa = PBXResourcesBuildPhase;
			buildActionMask = 2147483647;
			files = (
				A140159D1F55CC5900FCB8C4 /* Billabong.ttf in Resources */,
				A1C4A43E1F5091D6006A15D4 /* LaunchScreen.storyboard in Resources */,
				A14015AE1F598E9200FCB8C4 /* PostView.xib in Resources */,
				A1C4A43B1F5091D6006A15D4 /* Assets.xcassets in Resources */,
				A1C4A4391F5091D6006A15D4 /* Main.storyboard in Resources */,
			);
			runOnlyForDeploymentPostprocessing = 0;
		};
/* End PBXResourcesBuildPhase section */

/* Begin PBXShellScriptBuildPhase section */
		5771AB431A082BFD85607CDE /* [CP] Check Pods Manifest.lock */ = {
			isa = PBXShellScriptBuildPhase;
			buildActionMask = 2147483647;
			files = (
			);
			inputPaths = (
			);
			name = "[CP] Check Pods Manifest.lock";
			outputPaths = (
			);
			runOnlyForDeploymentPostprocessing = 0;
			shellPath = /bin/sh;
			shellScript = "diff \"${PODS_ROOT}/../Podfile.lock\" \"${PODS_ROOT}/Manifest.lock\" > /dev/null\nif [ $? != 0 ] ; then\n    # print error to STDERR\n    echo \"error: The sandbox is not in sync with the Podfile.lock. Run 'pod install' or update your CocoaPods installation.\" >&2\n    exit 1\nfi\n";
			showEnvVarsInLog = 0;
		};
		662D988724C6FB2E0D462012 /* [CP] Embed Pods Frameworks */ = {
			isa = PBXShellScriptBuildPhase;
			buildActionMask = 2147483647;
			files = (
			);
			inputPaths = (
			);
			name = "[CP] Embed Pods Frameworks";
			outputPaths = (
			);
			runOnlyForDeploymentPostprocessing = 0;
			shellPath = /bin/sh;
			shellScript = "\"${SRCROOT}/Pods/Target Support Files/Pods-InstagDown/Pods-InstagDown-frameworks.sh\"\n";
			showEnvVarsInLog = 0;
		};
		F6ECA48C52280E487BD42BE5 /* [CP] Copy Pods Resources */ = {
			isa = PBXShellScriptBuildPhase;
			buildActionMask = 2147483647;
			files = (
			);
			inputPaths = (
			);
			name = "[CP] Copy Pods Resources";
			outputPaths = (
			);
			runOnlyForDeploymentPostprocessing = 0;
			shellPath = /bin/sh;
			shellScript = "\"${SRCROOT}/Pods/Target Support Files/Pods-InstagDown/Pods-InstagDown-resources.sh\"\n";
			showEnvVarsInLog = 0;
		};
/* End PBXShellScriptBuildPhase section */

/* Begin PBXSourcesBuildPhase section */
		A1C4A4271F5091D6006A15D4 /* Sources */ = {
			isa = PBXSourcesBuildPhase;
			buildActionMask = 2147483647;
			files = (
				A14015E91F5EA5EE00FCB8C4 /* SDImageCache+GetCacheImagePath.m in Sources */,
				A1C4A4361F5091D6006A15D4 /* ViewController.m in Sources */,
				A1C4A4331F5091D6006A15D4 /* AppDelegate.m in Sources */,
				A14015AC1F598D8E00FCB8C4 /* PostView.m in Sources */,
				A14015A31F56AE8300FCB8C4 /* LKATextField.m in Sources */,
				A14015A91F56EAD100FCB8C4 /* LKAYoutubeLikeLoadingIndicatorView.m in Sources */,
				A14015E31F5E789700FCB8C4 /* MediaShowView.m in Sources */,
				A140157D1F557D8C00FCB8C4 /* MainTabBarController.m in Sources */,
				A1C4A4301F5091D6006A15D4 /* main.m in Sources */,
				A14015801F557E5800FCB8C4 /* DownloadViewController.m in Sources */,
				A14015E01F5D5C8500FCB8C4 /* CheckURLTool.m in Sources */,
				A14015831F557F3600FCB8C4 /* HistoryViewController.m in Sources */,
				A14015D71F5AB86800FCB8C4 /* IGPost.m in Sources */,
				A14015A01F56745400FCB8C4 /* OpenInInstagramTool.m in Sources */,
				A14015D41F5AAC9D00FCB8C4 /* IGUser.m in Sources */,
				A14015DA1F5AB87500FCB8C4 /* IGMedia.m in Sources */,
				A14015DD1F5B1CB000FCB8C4 /* NSArray+FormateDescription.m in Sources */,
				A14015A61F56BD1100FCB8C4 /* ExtractView.m in Sources */,
			);
			runOnlyForDeploymentPostprocessing = 0;
		};
/* End PBXSourcesBuildPhase section */

/* Begin PBXVariantGroup section */
		A1C4A4371F5091D6006A15D4 /* Main.storyboard */ = {
			isa = PBXVariantGroup;
			children = (
				A1C4A4381F5091D6006A15D4 /* Base */,
			);
			name = Main.storyboard;
			sourceTree = "<group>";
		};
		A1C4A43C1F5091D6006A15D4 /* LaunchScreen.storyboard */ = {
			isa = PBXVariantGroup;
			children = (
				A1C4A43D1F5091D6006A15D4 /* Base */,
			);
			name = LaunchScreen.storyboard;
			sourceTree = "<group>";
		};
/* End PBXVariantGroup section */

/* Begin XCBuildConfiguration section */
		A1C4A4401F5091D6006A15D4 /* Debug */ = {
			isa = XCBuildConfiguration;
			buildSettings = {
				ALWAYS_SEARCH_USER_PATHS = NO;
				CLANG_ANALYZER_NONNULL = YES;
				CLANG_ANALYZER_NUMBER_OBJECT_CONVERSION = YES_AGGRESSIVE;
				CLANG_CXX_LANGUAGE_STANDARD = "gnu++0x";
				CLANG_CXX_LIBRARY = "libc++";
				CLANG_ENABLE_MODULES = YES;
				CLANG_ENABLE_OBJC_ARC = YES;
				CLANG_WARN_BOOL_CONVERSION = YES;
				CLANG_WARN_CONSTANT_CONVERSION = YES;
				CLANG_WARN_DIRECT_OBJC_ISA_USAGE = YES_ERROR;
				CLANG_WARN_DOCUMENTATION_COMMENTS = YES;
				CLANG_WARN_EMPTY_BODY = YES;
				CLANG_WARN_ENUM_CONVERSION = YES;
				CLANG_WARN_INFINITE_RECURSION = YES;
				CLANG_WARN_INT_CONVERSION = YES;
				CLANG_WARN_OBJC_ROOT_CLASS = YES_ERROR;
				CLANG_WARN_SUSPICIOUS_MOVE = YES;
				CLANG_WARN_UNREACHABLE_CODE = YES;
				CLANG_WARN__DUPLICATE_METHOD_MATCH = YES;
				"CODE_SIGN_IDENTITY[sdk=iphoneos*]" = "iPhone Developer";
				COPY_PHASE_STRIP = NO;
				DEBUG_INFORMATION_FORMAT = dwarf;
				ENABLE_STRICT_OBJC_MSGSEND = YES;
				ENABLE_TESTABILITY = YES;
				GCC_C_LANGUAGE_STANDARD = gnu99;
				GCC_DYNAMIC_NO_PIC = NO;
				GCC_NO_COMMON_BLOCKS = YES;
				GCC_OPTIMIZATION_LEVEL = 0;
				GCC_PREPROCESSOR_DEFINITIONS = (
					"DEBUG=1",
					"$(inherited)",
				);
				GCC_WARN_64_TO_32_BIT_CONVERSION = YES;
				GCC_WARN_ABOUT_RETURN_TYPE = YES_ERROR;
				GCC_WARN_UNDECLARED_SELECTOR = YES;
				GCC_WARN_UNINITIALIZED_AUTOS = YES_AGGRESSIVE;
				GCC_WARN_UNUSED_FUNCTION = YES;
				GCC_WARN_UNUSED_VARIABLE = YES;
				IPHONEOS_DEPLOYMENT_TARGET = 10.3;
				MTL_ENABLE_DEBUG_INFO = YES;
				ONLY_ACTIVE_ARCH = YES;
				SDKROOT = iphoneos;
				TARGETED_DEVICE_FAMILY = "1,2";
			};
			name = Debug;
		};
		A1C4A4411F5091D6006A15D4 /* Release */ = {
			isa = XCBuildConfiguration;
			buildSettings = {
				ALWAYS_SEARCH_USER_PATHS = NO;
				CLANG_ANALYZER_NONNULL = YES;
				CLANG_ANALYZER_NUMBER_OBJECT_CONVERSION = YES_AGGRESSIVE;
				CLANG_CXX_LANGUAGE_STANDARD = "gnu++0x";
				CLANG_CXX_LIBRARY = "libc++";
				CLANG_ENABLE_MODULES = YES;
				CLANG_ENABLE_OBJC_ARC = YES;
				CLANG_WARN_BOOL_CONVERSION = YES;
				CLANG_WARN_CONSTANT_CONVERSION = YES;
				CLANG_WARN_DIRECT_OBJC_ISA_USAGE = YES_ERROR;
				CLANG_WARN_DOCUMENTATION_COMMENTS = YES;
				CLANG_WARN_EMPTY_BODY = YES;
				CLANG_WARN_ENUM_CONVERSION = YES;
				CLANG_WARN_INFINITE_RECURSION = YES;
				CLANG_WARN_INT_CONVERSION = YES;
				CLANG_WARN_OBJC_ROOT_CLASS = YES_ERROR;
				CLANG_WARN_SUSPICIOUS_MOVE = YES;
				CLANG_WARN_UNREACHABLE_CODE = YES;
				CLANG_WARN__DUPLICATE_METHOD_MATCH = YES;
				"CODE_SIGN_IDENTITY[sdk=iphoneos*]" = "iPhone Developer";
				COPY_PHASE_STRIP = NO;
				DEBUG_INFORMATION_FORMAT = "dwarf-with-dsym";
				ENABLE_NS_ASSERTIONS = NO;
				ENABLE_STRICT_OBJC_MSGSEND = YES;
				GCC_C_LANGUAGE_STANDARD = gnu99;
				GCC_NO_COMMON_BLOCKS = YES;
				GCC_WARN_64_TO_32_BIT_CONVERSION = YES;
				GCC_WARN_ABOUT_RETURN_TYPE = YES_ERROR;
				GCC_WARN_UNDECLARED_SELECTOR = YES;
				GCC_WARN_UNINITIALIZED_AUTOS = YES_AGGRESSIVE;
				GCC_WARN_UNUSED_FUNCTION = YES;
				GCC_WARN_UNUSED_VARIABLE = YES;
				IPHONEOS_DEPLOYMENT_TARGET = 10.3;
				MTL_ENABLE_DEBUG_INFO = NO;
				SDKROOT = iphoneos;
				TARGETED_DEVICE_FAMILY = "1,2";
				VALIDATE_PRODUCT = YES;
			};
			name = Release;
		};
		A1C4A4431F5091D6006A15D4 /* Debug */ = {
			isa = XCBuildConfiguration;
			baseConfigurationReference = 791B1139BC7158B020087084 /* Pods-InstagDown.debug.xcconfig */;
			buildSettings = {
				ASSETCATALOG_COMPILER_APPICON_NAME = AppIcon;
				DEVELOPMENT_TEAM = F9QPXX27PM;
				INFOPLIST_FILE = InstagDown/Info.plist;
				LD_RUNPATH_SEARCH_PATHS = "$(inherited) @executable_path/Frameworks";
				PRODUCT_BUNDLE_IDENTIFIER = "com.find-lab.InstagDown";
				PRODUCT_NAME = "$(TARGET_NAME)";
			};
			name = Debug;
		};
		A1C4A4441F5091D6006A15D4 /* Release */ = {
			isa = XCBuildConfiguration;
			baseConfigurationReference = A5E46032DC58F8F9A8A06A95 /* Pods-InstagDown.release.xcconfig */;
			buildSettings = {
				ASSETCATALOG_COMPILER_APPICON_NAME = AppIcon;
				DEVELOPMENT_TEAM = F9QPXX27PM;
				INFOPLIST_FILE = InstagDown/Info.plist;
				LD_RUNPATH_SEARCH_PATHS = "$(inherited) @executable_path/Frameworks";
				PRODUCT_BUNDLE_IDENTIFIER = "com.find-lab.InstagDown";
				PRODUCT_NAME = "$(TARGET_NAME)";
			};
			name = Release;
		};
/* End XCBuildConfiguration section */

/* Begin XCConfigurationList section */
		A1C4A4261F5091D6006A15D4 /* Build configuration list for PBXProject "InstagDown" */ = {
			isa = XCConfigurationList;
			buildConfigurations = (
				A1C4A4401F5091D6006A15D4 /* Debug */,
				A1C4A4411F5091D6006A15D4 /* Release */,
			);
			defaultConfigurationIsVisible = 0;
			defaultConfigurationName = Release;
		};
		A1C4A4421F5091D6006A15D4 /* Build configuration list for PBXNativeTarget "InstagDown" */ = {
			isa = XCConfigurationList;
			buildConfigurations = (
				A1C4A4431F5091D6006A15D4 /* Debug */,
				A1C4A4441F5091D6006A15D4 /* Release */,
			);
			defaultConfigurationIsVisible = 0;
			defaultConfigurationName = Release;
		};
/* End XCConfigurationList section */
	};
	rootObject = A1C4A4231F5091D6006A15D4 /* Project object */;
}
